
Microsoft Visual Studio Solution File, Format Version 12.00
# Visual Studio Version 16
VisualStudioVersion = 16.0.31424.327
MinimumVisualStudioVersion = 10.0.40219.1
Project("{9A19103F-16F7-4668-BE54-9A1E7A4F7556}") = "FruitsVegetablesDB", "FruitsVegetablesDB\FruitsVegetablesDB.csproj", "{97197735-4C0E-471B-BA67-626FD197909D}"
EndProject
Project("{FAE04EC0-301F-11D3-BF4B-00C04F79EFBC}") = "FruitsAndVegetablesApp", "FruitsAndVegetablesApp\FruitsAndVegetablesApp.csproj", "{9572554E-433B-45B7-97F3-FF1427D9B13E}"
EndProject
Project("{FAE04EC0-301F-11D3-BF4B-00C04F79EFBC}") = "WinForm_ADONET", "..\WinForm_ADONET\WinForm_ADONET\WinForm_ADONET.csproj", "{58A4AF5A-33C6-48AD-9832-795441D9E709}"
EndProject
Global
	GlobalSection(SolutionConfigurationPlatforms) = preSolution
		Debug|Any CPU = Debug|Any CPU
		Release|Any CPU = Release|Any CPU
	EndGlobalSection
	GlobalSection(ProjectConfigurationPlatforms) = postSolution
		{97197735-4C0E-471B-BA67-626FD197909D}.Debug|Any CPU.ActiveCfg = Debug|Any CPU
		{97197735-4C0E-471B-BA67-626FD197909D}.Debug|Any CPU.Build.0 = Debug|Any CPU
		{97197735-4C0E-471B-BA67-626FD197909D}.Release|Any CPU.ActiveCfg = Release|Any CPU
		{97197735-4C0E-471B-BA67-626FD197909D}.Release|Any CPU.Build.0 = Release|Any CPU
		{9572554E-433B-45B7-97F3-FF1427D9B13E}.Debug|Any CPU.ActiveCfg = Debug|Any CPU
		{9572554E-433B-45B7-97F3-FF1427D9B13E}.Debug|Any CPU.Build.0 = Debug|Any CPU
		{9572554E-433B-45B7-97F3-FF1427D9B13E}.Release|Any CPU.ActiveCfg = Release|Any CPU
		{9572554E-433B-45B7-97F3-FF1427D9B13E}.Release|Any CPU.Build.0 = Release|Any CPU
		{58A4AF5A-33C6-48AD-9832-795441D9E709}.Debug|Any CPU.ActiveCfg = Debug|Any CPU
		{58A4AF5A-33C6-48AD-9832-795441D9E709}.Debug|Any CPU.Build.0 = Debug|Any CPU
		{58A4AF5A-33C6-48AD-9832-795441D9E709}.Release|Any CPU.ActiveCfg = Release|Any CPU
		{58A4AF5A-33C6-48AD-9832-795441D9E709}.Release|Any CPU.Build.0 = Release|Any CPU
	EndGlobalSection
	GlobalSection(SolutionProperties) = preSolution
		HideSolutionNode = FALSE
	EndGlobalSection
	GlobalSection(ExtensibilityGlobals) = postSolution
		SolutionGuid = {68A55C6A-4375-4230-81C9-AA0DB615CAFD}
	EndGlobalSection
EndGlobal
